
Microsoft Visual Studio Solution File, Format Version 12.00
# Visual Studio Version 17
VisualStudioVersion = 17.14.36203.30 d17.14
MinimumVisualStudioVersion = 10.0.40219.1
Project("{FAE04EC0-301F-11D3-BF4B-00C04F79EFBC}") = "ApiClientes", "ApiClientes.csproj", "{CA9CB0EB-4599-4519-91BB-C945C20A52AF}"
EndProject
Global
	GlobalSection(SolutionConfigurationPlatforms) = preSolution
		Debug|Any CPU = Debug|Any CPU
		Release|Any CPU = Release|Any CPU
	EndGlobalSection
	GlobalSection(ProjectConfigurationPlatforms) = postSolution
		{CA9CB0EB-4599-4519-91BB-C945C20A52AF}.Debug|Any CPU.ActiveCfg = Debug|Any CPU
		{CA9CB0EB-4599-4519-91BB-C945C20A52AF}.Debug|Any CPU.Build.0 = Debug|Any CPU
		{CA9CB0EB-4599-4519-91BB-C945C20A52AF}.Release|Any CPU.ActiveCfg = Release|Any CPU
		{CA9CB0EB-4599-4519-91BB-C945C20A52AF}.Release|Any CPU.Build.0 = Release|Any CPU
	EndGlobalSection
	GlobalSection(SolutionProperties) = preSolution
		HideSolutionNode = FALSE
	EndGlobalSection
	GlobalSection(ExtensibilityGlobals) = postSolution
		SolutionGuid = {04BEF250-D48E-4BD3-BBFA-ED57E3D767F0}
	EndGlobalSection
EndGlobal
